
Microsoft Visual Studio Solution File, Format Version 12.00
# Visual Studio Version 17
VisualStudioVersion = 17.8.34330.188
MinimumVisualStudioVersion = 10.0.40219.1
Project("{FAE04EC0-301F-11D3-BF4B-00C04F79EFBC}") = "WhiteLagoon.web", "WhiteLagoon.web\WhiteLagoon.web.csproj", "{8F87EAB5-A53A-430D-8584-7860BF3FEA97}"
EndProject
Global
	GlobalSection(SolutionConfigurationPlatforms) = preSolution
		Debug|Any CPU = Debug|Any CPU
		Release|Any CPU = Release|Any CPU
	EndGlobalSection
	GlobalSection(ProjectConfigurationPlatforms) = postSolution
		{8F87EAB5-A53A-430D-8584-7860BF3FEA97}.Debug|Any CPU.ActiveCfg = Debug|Any CPU
		{8F87EAB5-A53A-430D-8584-7860BF3FEA97}.Debug|Any CPU.Build.0 = Debug|Any CPU
		{8F87EAB5-A53A-430D-8584-7860BF3FEA97}.Release|Any CPU.ActiveCfg = Release|Any CPU
		{8F87EAB5-A53A-430D-8584-7860BF3FEA97}.Release|Any CPU.Build.0 = Release|Any CPU
	EndGlobalSection
	GlobalSection(SolutionProperties) = preSolution
		HideSolutionNode = FALSE
	EndGlobalSection
	GlobalSection(ExtensibilityGlobals) = postSolution
		SolutionGuid = {B9A1DEF3-C1CA-4F42-BF78-F31D919D38B0}
	EndGlobalSection
EndGlobal
